
Microsoft Visual Studio Solution File, Format Version 12.00
# Visual Studio Version 17
VisualStudioVersion = 17.13.35825.156
MinimumVisualStudioVersion = 10.0.40219.1
Project("{2150E333-8FDC-42A3-9474-1A3956D46DE8}") = "ch2", "ch2", "{C8D5274F-AC00-46C7-1F8D-E88E81087A52}"
EndProject
Project("{8BC9CEB8-8B4A-11D0-8D11-00A0C91BC942}") = "byteArrCheck", "ch2\ch2_byteArrCheck\ch_02.vcxproj", "{55772F36-E36B-4BA2-B001-6A663286ADB4}"
EndProject
Project("{8BC9CEB8-8B4A-11D0-8D11-00A0C91BC942}") = "wsReset", "ch2\ch2_wsReset\Network game programing TestServer_1.vcxproj", "{0EE2B306-B7D8-4127-9A71-FE221FF8D701}"
EndProject
Project("{2150E333-8FDC-42A3-9474-1A3956D46DE8}") = "ch4", "ch4", "{251DC984-87AA-4885-883F-C0F3D844A604}"
EndProject
Project("{8BC9CEB8-8B4A-11D0-8D11-00A0C91BC942}") = "echo_client", "ch4\echoClnt\ch4_echo_client.vcxproj", "{72EF4239-A083-4351-8C71-7ED8220CEE4A}"
EndProject
Project("{8BC9CEB8-8B4A-11D0-8D11-00A0C91BC942}") = "echo_serv", "ch4\echoServ\ch4_echo_serv.vcxproj", "{A373B39B-40F3-45E5-9ED5-24D34AB07C14}"
EndProject
Project("{8BC9CEB8-8B4A-11D0-8D11-00A0C91BC942}") = "hostnameCheck", "ch4\hostnameCheck\ch4_hostname.vcxproj", "{4949207C-79E9-45E7-90F3-790C021EA5ED}"
EndProject
Project("{2150E333-8FDC-42A3-9474-1A3956D46DE8}") = "ch5", "ch5", "{E9F2FAE0-2396-4CDF-9957-0C07782ABE53}"
EndProject
Project("{2150E333-8FDC-42A3-9474-1A3956D46DE8}") = "fixed_rcv", "fixed_rcv", "{646AB4FA-4687-4C3C-9558-CCA973445FBA}"
EndProject
Project("{2150E333-8FDC-42A3-9474-1A3956D46DE8}") = "flexible_rcv", "flexible_rcv", "{CF170C67-80A6-4F8F-AB1D-AF29ACCFE4A5}"
EndProject
Project("{8BC9CEB8-8B4A-11D0-8D11-00A0C91BC942}") = "client_fixed", "ch5\client_fixed\client_fixed.vcxproj", "{E7C31771-3AE9-4F73-977C-46099ED8B2AA}"
EndProject
Project("{8BC9CEB8-8B4A-11D0-8D11-00A0C91BC942}") = "server_fixed", "ch5\server_fixed\server_fixed.vcxproj", "{3636382C-0241-4894-8C9C-1F16E521A782}"
EndProject
Project("{8BC9CEB8-8B4A-11D0-8D11-00A0C91BC942}") = "client_flexible", "ch5\client_flexible\client_flexible.vcxproj", "{9411CF1C-8A13-4EC5-BCDD-E06000F9C913}"
EndProject
Project("{8BC9CEB8-8B4A-11D0-8D11-00A0C91BC942}") = "server_flexible", "ch5\server_flexible\server_flexible.vcxproj", "{42632363-BBBE-4C19-9267-2C0A4A744CE3}"
EndProject
Global
	GlobalSection(SolutionConfigurationPlatforms) = preSolution
		Debug|x64 = Debug|x64
		Debug|x86 = Debug|x86
		Release|x64 = Release|x64
		Release|x86 = Release|x86
	EndGlobalSection
	GlobalSection(ProjectConfigurationPlatforms) = postSolution
		{55772F36-E36B-4BA2-B001-6A663286ADB4}.Debug|x64.ActiveCfg = Debug|x64
		{55772F36-E36B-4BA2-B001-6A663286ADB4}.Debug|x64.Build.0 = Debug|x64
		{55772F36-E36B-4BA2-B001-6A663286ADB4}.Debug|x86.ActiveCfg = Debug|Win32
		{55772F36-E36B-4BA2-B001-6A663286ADB4}.Debug|x86.Build.0 = Debug|Win32
		{55772F36-E36B-4BA2-B001-6A663286ADB4}.Release|x64.ActiveCfg = Release|x64
		{55772F36-E36B-4BA2-B001-6A663286ADB4}.Release|x64.Build.0 = Release|x64
		{55772F36-E36B-4BA2-B001-6A663286ADB4}.Release|x86.ActiveCfg = Release|Win32
		{55772F36-E36B-4BA2-B001-6A663286ADB4}.Release|x86.Build.0 = Release|Win32
		{0EE2B306-B7D8-4127-9A71-FE221FF8D701}.Debug|x64.ActiveCfg = Debug|x64
		{0EE2B306-B7D8-4127-9A71-FE221FF8D701}.Debug|x64.Build.0 = Debug|x64
		{0EE2B306-B7D8-4127-9A71-FE221FF8D701}.Debug|x86.ActiveCfg = Debug|Win32
		{0EE2B306-B7D8-4127-9A71-FE221FF8D701}.Debug|x86.Build.0 = Debug|Win32
		{0EE2B306-B7D8-4127-9A71-FE221FF8D701}.Release|x64.ActiveCfg = Release|x64
		{0EE2B306-B7D8-4127-9A71-FE221FF8D701}.Release|x64.Build.0 = Release|x64
		{0EE2B306-B7D8-4127-9A71-FE221FF8D701}.Release|x86.ActiveCfg = Release|Win32
		{0EE2B306-B7D8-4127-9A71-FE221FF8D701}.Release|x86.Build.0 = Release|Win32
		{72EF4239-A083-4351-8C71-7ED8220CEE4A}.Debug|x64.ActiveCfg = Debug|x64
		{72EF4239-A083-4351-8C71-7ED8220CEE4A}.Debug|x64.Build.0 = Debug|x64
		{72EF4239-A083-4351-8C71-7ED8220CEE4A}.Debug|x86.ActiveCfg = Debug|Win32
		{72EF4239-A083-4351-8C71-7ED8220CEE4A}.Debug|x86.Build.0 = Debug|Win32
		{72EF4239-A083-4351-8C71-7ED8220CEE4A}.Release|x64.ActiveCfg = Release|x64
		{72EF4239-A083-4351-8C71-7ED8220CEE4A}.Release|x64.Build.0 = Release|x64
		{72EF4239-A083-4351-8C71-7ED8220CEE4A}.Release|x86.ActiveCfg = Release|Win32
		{72EF4239-A083-4351-8C71-7ED8220CEE4A}.Release|x86.Build.0 = Release|Win32
		{A373B39B-40F3-45E5-9ED5-24D34AB07C14}.Debug|x64.ActiveCfg = Debug|x64
		{A373B39B-40F3-45E5-9ED5-24D34AB07C14}.Debug|x64.Build.0 = Debug|x64
		{A373B39B-40F3-45E5-9ED5-24D34AB07C14}.Debug|x86.ActiveCfg = Debug|Win32
		{A373B39B-40F3-45E5-9ED5-24D34AB07C14}.Debug|x86.Build.0 = Debug|Win32
		{A373B39B-40F3-45E5-9ED5-24D34AB07C14}.Release|x64.ActiveCfg = Release|x64
		{A373B39B-40F3-45E5-9ED5-24D34AB07C14}.Release|x64.Build.0 = Release|x64
		{A373B39B-40F3-45E5-9ED5-24D34AB07C14}.Release|x86.ActiveCfg = Release|Win32
		{A373B39B-40F3-45E5-9ED5-24D34AB07C14}.Release|x86.Build.0 = Release|Win32
		{4949207C-79E9-45E7-90F3-790C021EA5ED}.Debug|x64.ActiveCfg = Debug|x64
		{4949207C-79E9-45E7-90F3-790C021EA5ED}.Debug|x64.Build.0 = Debug|x64
		{4949207C-79E9-45E7-90F3-790C021EA5ED}.Debug|x86.ActiveCfg = Debug|Win32
		{4949207C-79E9-45E7-90F3-790C021EA5ED}.Debug|x86.Build.0 = Debug|Win32
		{4949207C-79E9-45E7-90F3-790C021EA5ED}.Release|x64.ActiveCfg = Release|x64
		{4949207C-79E9-45E7-90F3-790C021EA5ED}.Release|x64.Build.0 = Release|x64
		{4949207C-79E9-45E7-90F3-790C021EA5ED}.Release|x86.ActiveCfg = Release|Win32
		{4949207C-79E9-45E7-90F3-790C021EA5ED}.Release|x86.Build.0 = Release|Win32
		{E7C31771-3AE9-4F73-977C-46099ED8B2AA}.Debug|x64.ActiveCfg = Debug|x64
		{E7C31771-3AE9-4F73-977C-46099ED8B2AA}.Debug|x64.Build.0 = Debug|x64
		{E7C31771-3AE9-4F73-977C-46099ED8B2AA}.Debug|x86.ActiveCfg = Debug|Win32
		{E7C31771-3AE9-4F73-977C-46099ED8B2AA}.Debug|x86.Build.0 = Debug|Win32
		{E7C31771-3AE9-4F73-977C-46099ED8B2AA}.Release|x64.ActiveCfg = Release|x64
		{E7C31771-3AE9-4F73-977C-46099ED8B2AA}.Release|x64.Build.0 = Release|x64
		{E7C31771-3AE9-4F73-977C-46099ED8B2AA}.Release|x86.ActiveCfg = Release|Win32
		{E7C31771-3AE9-4F73-977C-46099ED8B2AA}.Release|x86.Build.0 = Release|Win32
		{3636382C-0241-4894-8C9C-1F16E521A782}.Debug|x64.ActiveCfg = Debug|x64
		{3636382C-0241-4894-8C9C-1F16E521A782}.Debug|x64.Build.0 = Debug|x64
		{3636382C-0241-4894-8C9C-1F16E521A782}.Debug|x86.ActiveCfg = Debug|Win32
		{3636382C-0241-4894-8C9C-1F16E521A782}.Debug|x86.Build.0 = Debug|Win32
		{3636382C-0241-4894-8C9C-1F16E521A782}.Release|x64.ActiveCfg = Release|x64
		{3636382C-0241-4894-8C9C-1F16E521A782}.Release|x64.Build.0 = Release|x64
		{3636382C-0241-4894-8C9C-1F16E521A782}.Release|x86.ActiveCfg = Release|Win32
		{3636382C-0241-4894-8C9C-1F16E521A782}.Release|x86.Build.0 = Release|Win32
		{9411CF1C-8A13-4EC5-BCDD-E06000F9C913}.Debug|x64.ActiveCfg = Debug|x64
		{9411CF1C-8A13-4EC5-BCDD-E06000F9C913}.Debug|x64.Build.0 = Debug|x64
		{9411CF1C-8A13-4EC5-BCDD-E06000F9C913}.Debug|x86.ActiveCfg = Debug|Win32
		{9411CF1C-8A13-4EC5-BCDD-E06000F9C913}.Debug|x86.Build.0 = Debug|Win32
		{9411CF1C-8A13-4EC5-BCDD-E06000F9C913}.Release|x64.ActiveCfg = Release|x64
		{9411CF1C-8A13-4EC5-BCDD-E06000F9C913}.Release|x64.Build.0 = Release|x64
		{9411CF1C-8A13-4EC5-BCDD-E06000F9C913}.Release|x86.ActiveCfg = Release|Win32
		{9411CF1C-8A13-4EC5-BCDD-E06000F9C913}.Release|x86.Build.0 = Release|Win32
		{42632363-BBBE-4C19-9267-2C0A4A744CE3}.Debug|x64.ActiveCfg = Debug|x64
		{42632363-BBBE-4C19-9267-2C0A4A744CE3}.Debug|x64.Build.0 = Debug|x64
		{42632363-BBBE-4C19-9267-2C0A4A744CE3}.Debug|x86.ActiveCfg = Debug|Win32
		{42632363-BBBE-4C19-9267-2C0A4A744CE3}.Debug|x86.Build.0 = Debug|Win32
		{42632363-BBBE-4C19-9267-2C0A4A744CE3}.Release|x64.ActiveCfg = Release|x64
		{42632363-BBBE-4C19-9267-2C0A4A744CE3}.Release|x64.Build.0 = Release|x64
		{42632363-BBBE-4C19-9267-2C0A4A744CE3}.Release|x86.ActiveCfg = Release|Win32
		{42632363-BBBE-4C19-9267-2C0A4A744CE3}.Release|x86.Build.0 = Release|Win32
	EndGlobalSection
	GlobalSection(SolutionProperties) = preSolution
		HideSolutionNode = FALSE
	EndGlobalSection
	GlobalSection(NestedProjects) = preSolution
		{55772F36-E36B-4BA2-B001-6A663286ADB4} = {C8D5274F-AC00-46C7-1F8D-E88E81087A52}
		{0EE2B306-B7D8-4127-9A71-FE221FF8D701} = {C8D5274F-AC00-46C7-1F8D-E88E81087A52}
		{72EF4239-A083-4351-8C71-7ED8220CEE4A} = {251DC984-87AA-4885-883F-C0F3D844A604}
		{A373B39B-40F3-45E5-9ED5-24D34AB07C14} = {251DC984-87AA-4885-883F-C0F3D844A604}
		{4949207C-79E9-45E7-90F3-790C021EA5ED} = {251DC984-87AA-4885-883F-C0F3D844A604}
		{646AB4FA-4687-4C3C-9558-CCA973445FBA} = {E9F2FAE0-2396-4CDF-9957-0C07782ABE53}
		{CF170C67-80A6-4F8F-AB1D-AF29ACCFE4A5} = {E9F2FAE0-2396-4CDF-9957-0C07782ABE53}
		{E7C31771-3AE9-4F73-977C-46099ED8B2AA} = {646AB4FA-4687-4C3C-9558-CCA973445FBA}
		{3636382C-0241-4894-8C9C-1F16E521A782} = {646AB4FA-4687-4C3C-9558-CCA973445FBA}
		{9411CF1C-8A13-4EC5-BCDD-E06000F9C913} = {CF170C67-80A6-4F8F-AB1D-AF29ACCFE4A5}
		{42632363-BBBE-4C19-9267-2C0A4A744CE3} = {CF170C67-80A6-4F8F-AB1D-AF29ACCFE4A5}
	EndGlobalSection
	GlobalSection(ExtensibilityGlobals) = postSolution
		SolutionGuid = {E5D66A90-02BA-4954-BCFF-68665CB6395C}
	EndGlobalSection
EndGlobal
